
Microsoft Visual Studio Solution File, Format Version 12.00
# Visual Studio Version 17
VisualStudioVersion = 17.4.33205.214
MinimumVisualStudioVersion = 10.0.40219.1
Project("{9A19103F-16F7-4668-BE54-9A1E7A4F7556}") = "DockerProject", "DockerProject.csproj", "{A540A9B2-A6DE-4515-9931-69722C4B7D65}"
EndProject
Global
	GlobalSection(SolutionConfigurationPlatforms) = preSolution
		Debug|Any CPU = Debug|Any CPU
		Release|Any CPU = Release|Any CPU
	EndGlobalSection
	GlobalSection(ProjectConfigurationPlatforms) = postSolution
		{A540A9B2-A6DE-4515-9931-69722C4B7D65}.Debug|Any CPU.ActiveCfg = Debug|Any CPU
		{A540A9B2-A6DE-4515-9931-69722C4B7D65}.Debug|Any CPU.Build.0 = Debug|Any CPU
		{A540A9B2-A6DE-4515-9931-69722C4B7D65}.Release|Any CPU.ActiveCfg = Release|Any CPU
		{A540A9B2-A6DE-4515-9931-69722C4B7D65}.Release|Any CPU.Build.0 = Release|Any CPU
	EndGlobalSection
	GlobalSection(SolutionProperties) = preSolution
		HideSolutionNode = FALSE
	EndGlobalSection
	GlobalSection(ExtensibilityGlobals) = postSolution
		SolutionGuid = {A52DEB8D-5C76-446A-90EA-B493962531D7}
	EndGlobalSection
EndGlobal
